
Microsoft Visual Studio Solution File, Format Version 12.00
# Visual Studio Version 17
VisualStudioVersion = 17.13.35913.81
MinimumVisualStudioVersion = 10.0.40219.1
Project("{FAE04EC0-301F-11D3-BF4B-00C04F79EFBC}") = "Forms", "Forms\Forms.csproj", "{DF5F2A24-2D8D-4DC2-A5AD-A163AE89365A}"
EndProject
Project("{FAE04EC0-301F-11D3-BF4B-00C04F79EFBC}") = "Domain.model", "Domain.model\Domain.model.csproj", "{C0C86F5D-4858-21E0-9C6C-34B56BF7D57B}"
EndProject
Project("{FAE04EC0-301F-11D3-BF4B-00C04F79EFBC}") = "Domain.services", "Domain.services\Domain.services.csproj", "{53A7AB9A-FE69-AA24-E36A-8868E050CC65}"
EndProject
Project("{FAE04EC0-301F-11D3-BF4B-00C04F79EFBC}") = "DTOs", "DTOs\DTOs.csproj", "{4F088159-FE53-1417-AD52-55A97CB2FBB6}"
EndProject
Project("{FAE04EC0-301F-11D3-BF4B-00C04F79EFBC}") = "WebApi", "WebApi\WebApi.csproj", "{8D6B33C5-CEE1-20B5-A207-99CBB61F699C}"
EndProject
Project("{FAE04EC0-301F-11D3-BF4B-00C04F79EFBC}") = "BlazorWeb", "BlazorWeb\BlazorWeb.csproj", "{0BDE8D76-E1F2-423A-BFBA-CE2327B07EB3}"
EndProject
Project("{FAE04EC0-301F-11D3-BF4B-00C04F79EFBC}") = "Data.domain", "Data.domain\Data.domain.csproj", "{99520D3E-616E-4511-9577-B100CDEACC5D}"
EndProject
Project("{FAE04EC0-301F-11D3-BF4B-00C04F79EFBC}") = "Domain.Validators", "Validators\Domain.Validators.csproj", "{1EA5525F-4D79-4AAC-8A96-DB40C3FA7995}"
EndProject
Global
	GlobalSection(SolutionConfigurationPlatforms) = preSolution
		Debug|Any CPU = Debug|Any CPU
		Release|Any CPU = Release|Any CPU
	EndGlobalSection
	GlobalSection(ProjectConfigurationPlatforms) = postSolution
		{DF5F2A24-2D8D-4DC2-A5AD-A163AE89365A}.Debug|Any CPU.ActiveCfg = Debug|Any CPU
		{DF5F2A24-2D8D-4DC2-A5AD-A163AE89365A}.Debug|Any CPU.Build.0 = Debug|Any CPU
		{DF5F2A24-2D8D-4DC2-A5AD-A163AE89365A}.Release|Any CPU.ActiveCfg = Release|Any CPU
		{DF5F2A24-2D8D-4DC2-A5AD-A163AE89365A}.Release|Any CPU.Build.0 = Release|Any CPU
		{C0C86F5D-4858-21E0-9C6C-34B56BF7D57B}.Debug|Any CPU.ActiveCfg = Debug|Any CPU
		{C0C86F5D-4858-21E0-9C6C-34B56BF7D57B}.Debug|Any CPU.Build.0 = Debug|Any CPU
		{C0C86F5D-4858-21E0-9C6C-34B56BF7D57B}.Release|Any CPU.ActiveCfg = Release|Any CPU
		{C0C86F5D-4858-21E0-9C6C-34B56BF7D57B}.Release|Any CPU.Build.0 = Release|Any CPU
		{53A7AB9A-FE69-AA24-E36A-8868E050CC65}.Debug|Any CPU.ActiveCfg = Debug|Any CPU
		{53A7AB9A-FE69-AA24-E36A-8868E050CC65}.Debug|Any CPU.Build.0 = Debug|Any CPU
		{53A7AB9A-FE69-AA24-E36A-8868E050CC65}.Release|Any CPU.ActiveCfg = Release|Any CPU
		{53A7AB9A-FE69-AA24-E36A-8868E050CC65}.Release|Any CPU.Build.0 = Release|Any CPU
		{4F088159-FE53-1417-AD52-55A97CB2FBB6}.Debug|Any CPU.ActiveCfg = Debug|Any CPU
		{4F088159-FE53-1417-AD52-55A97CB2FBB6}.Debug|Any CPU.Build.0 = Debug|Any CPU
		{4F088159-FE53-1417-AD52-55A97CB2FBB6}.Release|Any CPU.ActiveCfg = Release|Any CPU
		{4F088159-FE53-1417-AD52-55A97CB2FBB6}.Release|Any CPU.Build.0 = Release|Any CPU
		{8D6B33C5-CEE1-20B5-A207-99CBB61F699C}.Debug|Any CPU.ActiveCfg = Debug|Any CPU
		{8D6B33C5-CEE1-20B5-A207-99CBB61F699C}.Debug|Any CPU.Build.0 = Debug|Any CPU
		{8D6B33C5-CEE1-20B5-A207-99CBB61F699C}.Release|Any CPU.ActiveCfg = Release|Any CPU
		{8D6B33C5-CEE1-20B5-A207-99CBB61F699C}.Release|Any CPU.Build.0 = Release|Any CPU
		{0BDE8D76-E1F2-423A-BFBA-CE2327B07EB3}.Debug|Any CPU.ActiveCfg = Debug|Any CPU
		{0BDE8D76-E1F2-423A-BFBA-CE2327B07EB3}.Debug|Any CPU.Build.0 = Debug|Any CPU
		{0BDE8D76-E1F2-423A-BFBA-CE2327B07EB3}.Release|Any CPU.ActiveCfg = Release|Any CPU
		{0BDE8D76-E1F2-423A-BFBA-CE2327B07EB3}.Release|Any CPU.Build.0 = Release|Any CPU
		{99520D3E-616E-4511-9577-B100CDEACC5D}.Debug|Any CPU.ActiveCfg = Debug|Any CPU
		{99520D3E-616E-4511-9577-B100CDEACC5D}.Debug|Any CPU.Build.0 = Debug|Any CPU
		{99520D3E-616E-4511-9577-B100CDEACC5D}.Release|Any CPU.ActiveCfg = Release|Any CPU
		{99520D3E-616E-4511-9577-B100CDEACC5D}.Release|Any CPU.Build.0 = Release|Any CPU
		{1EA5525F-4D79-4AAC-8A96-DB40C3FA7995}.Debug|Any CPU.ActiveCfg = Debug|Any CPU
		{1EA5525F-4D79-4AAC-8A96-DB40C3FA7995}.Debug|Any CPU.Build.0 = Debug|Any CPU
		{1EA5525F-4D79-4AAC-8A96-DB40C3FA7995}.Release|Any CPU.ActiveCfg = Release|Any CPU
		{1EA5525F-4D79-4AAC-8A96-DB40C3FA7995}.Release|Any CPU.Build.0 = Release|Any CPU
	EndGlobalSection
	GlobalSection(SolutionProperties) = preSolution
		HideSolutionNode = FALSE
	EndGlobalSection
	GlobalSection(ExtensibilityGlobals) = postSolution
		SolutionGuid = {F09701B6-12A7-4C51-9D91-89CE05CEE1CB}
	EndGlobalSection
EndGlobal
